{
  "name": "poem-maker",
  "version": "1.0.0",
  "lockfileVersion": 2,
  "requires": true,
  "packages": {
    "": {
      "version": "1.0.0",
      "license": "ISC",
      "dependencies": {
        "rita": "^2.4.86"
      }
    },
    "node_modules/rita": {
      "version": "2.4.86",
      "resolved": "https://registry.npmjs.org/rita/-/rita-2.4.86.tgz",
      "integrity": "sha512-7GG3O1ytnaWabJuLaTT9/kbQQTP1G6VuWbBEpuGm6hke84Y1s4oqo2kVtXGV7DSZ5dv8LoXRNGOLWhscZ8hmlw=="
    }
  },
  "dependencies": {
    "rita": {
      "version": "2.4.86",
      "resolved": "https://registry.npmjs.org/rita/-/rita-2.4.86.tgz",
      "integrity": "sha512-7GG3O1ytnaWabJuLaTT9/kbQQTP1G6VuWbBEpuGm6hke84Y1s4oqo2kVtXGV7DSZ5dv8LoXRNGOLWhscZ8hmlw=="
    }
  }
}
